
Microsoft Visual Studio Solution File, Format Version 12.00
# Visual Studio Version 17
VisualStudioVersion = 17.10.35201.131
MinimumVisualStudioVersion = 10.0.40219.1
Project("{9A19103F-16F7-4668-BE54-9A1E7A4F7556}") = "Pri.Ee.Api", "Pri.Ee.Api\Pri.Ee.Api.csproj", "{836A902B-676A-4223-9B08-55EE3C32F11B}"
EndProject
Project("{9A19103F-16F7-4668-BE54-9A1E7A4F7556}") = "Pri.EindOpdracht.Blazor", "Pri.EindOpdracht.Blazor\Pri.EindOpdracht.Blazor.csproj", "{C7C62CFA-CBE4-4EAD-9877-F7AE6F777F50}"
EndProject
Project("{9A19103F-16F7-4668-BE54-9A1E7A4F7556}") = "Pri.EindOpdracht.Core", "Pri.EindOpdracht.Core\Pri.EindOpdracht.Core.csproj", "{B92983CE-2370-4F4B-8980-DE6D3A614716}"
EndProject
Project("{2150E333-8FDC-42A3-9474-1A3956D46DE8}") = "Data", "Data", "{008F9471-6646-4203-A12A-5EE0E17B4091}"
EndProject
Project("{FAE04EC0-301F-11D3-BF4B-00C04F79EFBC}") = "Pri.EindOpdracht.ApiConsumer", "Pri.EindOpdracht.ApiConsumer\Pri.EindOpdracht.ApiConsumer.csproj", "{7FD9654A-619F-4473-9562-249798DF5D8C}"
EndProject
Global
	GlobalSection(SolutionConfigurationPlatforms) = preSolution
		Debug|Any CPU = Debug|Any CPU
		Release|Any CPU = Release|Any CPU
	EndGlobalSection
	GlobalSection(ProjectConfigurationPlatforms) = postSolution
		{836A902B-676A-4223-9B08-55EE3C32F11B}.Debug|Any CPU.ActiveCfg = Debug|Any CPU
		{836A902B-676A-4223-9B08-55EE3C32F11B}.Debug|Any CPU.Build.0 = Debug|Any CPU
		{836A902B-676A-4223-9B08-55EE3C32F11B}.Release|Any CPU.ActiveCfg = Release|Any CPU
		{836A902B-676A-4223-9B08-55EE3C32F11B}.Release|Any CPU.Build.0 = Release|Any CPU
		{C7C62CFA-CBE4-4EAD-9877-F7AE6F777F50}.Debug|Any CPU.ActiveCfg = Debug|Any CPU
		{C7C62CFA-CBE4-4EAD-9877-F7AE6F777F50}.Debug|Any CPU.Build.0 = Debug|Any CPU
		{C7C62CFA-CBE4-4EAD-9877-F7AE6F777F50}.Release|Any CPU.ActiveCfg = Release|Any CPU
		{C7C62CFA-CBE4-4EAD-9877-F7AE6F777F50}.Release|Any CPU.Build.0 = Release|Any CPU
		{B92983CE-2370-4F4B-8980-DE6D3A614716}.Debug|Any CPU.ActiveCfg = Debug|Any CPU
		{B92983CE-2370-4F4B-8980-DE6D3A614716}.Debug|Any CPU.Build.0 = Debug|Any CPU
		{B92983CE-2370-4F4B-8980-DE6D3A614716}.Release|Any CPU.ActiveCfg = Release|Any CPU
		{B92983CE-2370-4F4B-8980-DE6D3A614716}.Release|Any CPU.Build.0 = Release|Any CPU
		{7FD9654A-619F-4473-9562-249798DF5D8C}.Debug|Any CPU.ActiveCfg = Debug|Any CPU
		{7FD9654A-619F-4473-9562-249798DF5D8C}.Debug|Any CPU.Build.0 = Debug|Any CPU
		{7FD9654A-619F-4473-9562-249798DF5D8C}.Release|Any CPU.ActiveCfg = Release|Any CPU
		{7FD9654A-619F-4473-9562-249798DF5D8C}.Release|Any CPU.Build.0 = Release|Any CPU
	EndGlobalSection
	GlobalSection(SolutionProperties) = preSolution
		HideSolutionNode = FALSE
	EndGlobalSection
	GlobalSection(NestedProjects) = preSolution
		{836A902B-676A-4223-9B08-55EE3C32F11B} = {008F9471-6646-4203-A12A-5EE0E17B4091}
		{B92983CE-2370-4F4B-8980-DE6D3A614716} = {008F9471-6646-4203-A12A-5EE0E17B4091}
	EndGlobalSection
	GlobalSection(ExtensibilityGlobals) = postSolution
		SolutionGuid = {2DEB77C8-CBB1-4BD9-BD5D-B5F3D0DFD4BC}
	EndGlobalSection
EndGlobal
